
Microsoft Visual Studio Solution File, Format Version 12.00
# Visual Studio Version 16
VisualStudioVersion = 16.0.29519.87
MinimumVisualStudioVersion = 10.0.40219.1
Project("{FAE04EC0-301F-11D3-BF4B-00C04F79EFBC}") = "BatchDownload", "BatchDownload\BatchDownload.csproj", "{24E0EDC7-4E6C-4EA9-A67F-C66364F76563}"
EndProject
Global
	GlobalSection(SolutionConfigurationPlatforms) = preSolution
		Debug|Any CPU = Debug|Any CPU
		Release|Any CPU = Release|Any CPU
	EndGlobalSection
	GlobalSection(ProjectConfigurationPlatforms) = postSolution
		{24E0EDC7-4E6C-4EA9-A67F-C66364F76563}.Debug|Any CPU.ActiveCfg = Debug|Any CPU
		{24E0EDC7-4E6C-4EA9-A67F-C66364F76563}.Debug|Any CPU.Build.0 = Debug|Any CPU
		{24E0EDC7-4E6C-4EA9-A67F-C66364F76563}.Release|Any CPU.ActiveCfg = Release|Any CPU
		{24E0EDC7-4E6C-4EA9-A67F-C66364F76563}.Release|Any CPU.Build.0 = Release|Any CPU
	EndGlobalSection
	GlobalSection(SolutionProperties) = preSolution
		HideSolutionNode = FALSE
	EndGlobalSection
	GlobalSection(ExtensibilityGlobals) = postSolution
		SolutionGuid = {6B52C9D5-C76A-419F-AA04-CBD242D034DE}
	EndGlobalSection
EndGlobal
