
Microsoft Visual Studio Solution File, Format Version 12.00
# Visual Studio Version 16
VisualStudioVersion = 16.0.30225.117
MinimumVisualStudioVersion = 10.0.40219.1
Project("{8BC9CEB8-8B4A-11D0-8D11-00A0C91BC942}") = "SimpleLib", "SimpleLib\SimpleLib.vcxproj", "{F0D1E44D-1EBB-499A-B816-30A0FA7DC339}"
EndProject
Project("{8BC9CEB8-8B4A-11D0-8D11-00A0C91BC942}") = "Tests", "Tests\Tests.vcxproj", "{43C0081C-38B8-4F9C-86F1-5CFBD5D16DAE}"
	ProjectSection(ProjectDependencies) = postProject
		{F0D1E44D-1EBB-499A-B816-30A0FA7DC339} = {F0D1E44D-1EBB-499A-B816-30A0FA7DC339}
	EndProjectSection
EndProject
Global
	GlobalSection(SolutionConfigurationPlatforms) = preSolution
		Debug|x64 = Debug|x64
		Debug|x86 = Debug|x86
		Release|x64 = Release|x64
		Release|x86 = Release|x86
	EndGlobalSection
	GlobalSection(ProjectConfigurationPlatforms) = postSolution
		{F0D1E44D-1EBB-499A-B816-30A0FA7DC339}.Debug|x64.ActiveCfg = Debug|x64
		{F0D1E44D-1EBB-499A-B816-30A0FA7DC339}.Debug|x64.Build.0 = Debug|x64
		{F0D1E44D-1EBB-499A-B816-30A0FA7DC339}.Debug|x86.ActiveCfg = Debug|Win32
		{F0D1E44D-1EBB-499A-B816-30A0FA7DC339}.Debug|x86.Build.0 = Debug|Win32
		{F0D1E44D-1EBB-499A-B816-30A0FA7DC339}.Release|x64.ActiveCfg = Release|x64
		{F0D1E44D-1EBB-499A-B816-30A0FA7DC339}.Release|x64.Build.0 = Release|x64
		{F0D1E44D-1EBB-499A-B816-30A0FA7DC339}.Release|x86.ActiveCfg = Release|Win32
		{F0D1E44D-1EBB-499A-B816-30A0FA7DC339}.Release|x86.Build.0 = Release|Win32
		{43C0081C-38B8-4F9C-86F1-5CFBD5D16DAE}.Debug|x64.ActiveCfg = Debug|x64
		{43C0081C-38B8-4F9C-86F1-5CFBD5D16DAE}.Debug|x64.Build.0 = Debug|x64
		{43C0081C-38B8-4F9C-86F1-5CFBD5D16DAE}.Debug|x86.ActiveCfg = Debug|Win32
		{43C0081C-38B8-4F9C-86F1-5CFBD5D16DAE}.Debug|x86.Build.0 = Debug|Win32
		{43C0081C-38B8-4F9C-86F1-5CFBD5D16DAE}.Release|x64.ActiveCfg = Release|x64
		{43C0081C-38B8-4F9C-86F1-5CFBD5D16DAE}.Release|x64.Build.0 = Release|x64
		{43C0081C-38B8-4F9C-86F1-5CFBD5D16DAE}.Release|x86.ActiveCfg = Release|Win32
		{43C0081C-38B8-4F9C-86F1-5CFBD5D16DAE}.Release|x86.Build.0 = Release|Win32
	EndGlobalSection
	GlobalSection(SolutionProperties) = preSolution
		HideSolutionNode = FALSE
	EndGlobalSection
	GlobalSection(ExtensibilityGlobals) = postSolution
		SolutionGuid = {00C248DC-98EE-4B73-AF12-84C4D68A50E9}
	EndGlobalSection
EndGlobal
